// !$*UTF8*$!
{
	archiveVersion = 1;
	classes = {
	};
	objectVersion = 77;
	objects = {

/* Begin PBXContainerItemProxy section */
		B7466A8A2EA27CE100A86599 /* PBXContainerItemProxy */ = {
			isa = PBXContainerItemProxy;
			containerPortal = B7466A6B2EA27CE000A86599 /* Project object */;
			proxyType = 1;
			remoteGlobalIDString = B7466A722EA27CE000A86599;
			remoteInfo = PokeDemo;
		};
		B7466A942EA27CE100A86599 /* PBXContainerItemProxy */ = {
			isa = PBXContainerItemProxy;
			containerPortal = B7466A6B2EA27CE000A86599 /* Project object */;
			proxyType = 1;
			remoteGlobalIDString = B7466A722EA27CE000A86599;
			remoteInfo = PokeDemo;
		};
/* End PBXContainerItemProxy section */

/* Begin PBXFileReference section */
		B7466A732EA27CE000A86599 /* PokeDemo.app */ = {isa = PBXFileReference; explicitFileType = wrapper.application; includeInIndex = 0; path = PokeDemo.app; sourceTree = BUILT_PRODUCTS_DIR; };
		B7466A892EA27CE100A86599 /* PokeDemoTests.xctest */ = {isa = PBXFileReference; explicitFileType = wrapper.cfbundle; includeInIndex = 0; path = PokeDemoTests.xctest; sourceTree = BUILT_PRODUCTS_DIR; };
		B7466A932EA27CE100A86599 /* PokeDemoUITests.xctest */ = {isa = PBXFileReference; explicitFileType = wrapper.cfbundle; includeInIndex = 0; path = PokeDemoUITests.xctest; sourceTree = BUILT_PRODUCTS_DIR; };
		B7466ABC2EA27E2600A86599 /* Pokemon.swift */ = {isa = PBXFileReference; lastKnownFileType = sourcecode.swift; path = Pokemon.swift; sourceTree = "<group>"; };
		B7466ABD2EA27E4700A86599 /* PokemonSpecies.swift */ = {isa = PBXFileReference; lastKnownFileType = sourcecode.swift; path = PokemonSpecies.swift; sourceTree = "<group>"; };
		B7466AC02EA27F6300A86599 /* NetworkError.swift */ = {isa = PBXFileReference; lastKnownFileType = sourcecode.swift; path = NetworkError.swift; sourceTree = "<group>"; };
		B7466AC12EA27F7900A86599 /* PokemonService.swift */ = {isa = PBXFileReference; lastKnownFileType = sourcecode.swift; path = PokemonService.swift; sourceTree = "<group>"; };
		B7466AC32EA2801100A86599 /* CollectionViewConstants.swift */ = {isa = PBXFileReference; lastKnownFileType = sourcecode.swift; path = CollectionViewConstants.swift; sourceTree = "<group>"; };
		B7466AC42EA2802900A86599 /* NetworkConstants.swift */ = {isa = PBXFileReference; lastKnownFileType = sourcecode.swift; path = NetworkConstants.swift; sourceTree = "<group>"; };
		B7466AC52EA2803E00A86599 /* PokemonImageHelper.swift */ = {isa = PBXFileReference; lastKnownFileType = sourcecode.swift; path = PokemonImageHelper.swift; sourceTree = "<group>"; };
		B7466AC72EA280B000A86599 /* PokemonCoordinator.swift */ = {isa = PBXFileReference; lastKnownFileType = sourcecode.swift; path = PokemonCoordinator.swift; sourceTree = "<group>"; };
		B7466AC82EA280D200A86599 /* AppCoordinator.swift */ = {isa = PBXFileReference; lastKnownFileType = sourcecode.swift; path = AppCoordinator.swift; sourceTree = "<group>"; };
/* End PBXFileReference section */

/* Begin PBXFileSystemSynchronizedBuildFileExceptionSet section */
		B7466A9B2EA27CE100A86599 /* Exceptions for "PokeDemo" folder in "PokeDemo" target */ = {
			isa = PBXFileSystemSynchronizedBuildFileExceptionSet;
			membershipExceptions = (
				Info.plist,
			);
			target = B7466A722EA27CE000A86599 /* PokeDemo */;
		};
/* End PBXFileSystemSynchronizedBuildFileExceptionSet section */

/* Begin PBXFileSystemSynchronizedRootGroup section */
		B7466A752EA27CE000A86599 /* PokeDemo */ = {
			isa = PBXFileSystemSynchronizedRootGroup;
			exceptions = (
				B7466A9B2EA27CE100A86599 /* Exceptions for "PokeDemo" folder in "PokeDemo" target */,
			);
			path = PokeDemo;
			sourceTree = "<group>";
		};
		B7466A8C2EA27CE100A86599 /* PokeDemoTests */ = {
			isa = PBXFileSystemSynchronizedRootGroup;
			path = PokeDemoTests;
			sourceTree = "<group>";
		};
		B7466A962EA27CE100A86599 /* PokeDemoUITests */ = {
			isa = PBXFileSystemSynchronizedRootGroup;
			path = PokeDemoUITests;
			sourceTree = "<group>";
		};
/* End PBXFileSystemSynchronizedRootGroup section */

/* Begin PBXFrameworksBuildPhase section */
		B7466A702EA27CE000A86599 /* Frameworks */ = {
			isa = PBXFrameworksBuildPhase;
			buildActionMask = 2147483647;
			files = (
			);
			runOnlyForDeploymentPostprocessing = 0;
		};
		B7466A862EA27CE100A86599 /* Frameworks */ = {
			isa = PBXFrameworksBuildPhase;
			buildActionMask = 2147483647;
			files = (
			);
			runOnlyForDeploymentPostprocessing = 0;
		};
		B7466A902EA27CE100A86599 /* Frameworks */ = {
			isa = PBXFrameworksBuildPhase;
			buildActionMask = 2147483647;
			files = (
			);
			runOnlyForDeploymentPostprocessing = 0;
		};
/* End PBXFrameworksBuildPhase section */

/* Begin PBXGroup section */
		B7466A6A2EA27CE000A86599 = {
			isa = PBXGroup;
			children = (
				B7466AC62EA2809E00A86599 /* Coordinator */,
				B7466AC22EA2800500A86599 /* Utils */,
				B7466ABE2EA27F4000A86599 /* Services */,
				B7466ABB2EA27E1000A86599 /* Model */,
				B7466A752EA27CE000A86599 /* PokeDemo */,
				B7466A8C2EA27CE100A86599 /* PokeDemoTests */,
				B7466A962EA27CE100A86599 /* PokeDemoUITests */,
				B7466A742EA27CE000A86599 /* Products */,
			);
			sourceTree = "<group>";
		};
		B7466A742EA27CE000A86599 /* Products */ = {
			isa = PBXGroup;
			children = (
				B7466A732EA27CE000A86599 /* PokeDemo.app */,
				B7466A892EA27CE100A86599 /* PokeDemoTests.xctest */,
				B7466A932EA27CE100A86599 /* PokeDemoUITests.xctest */,
			);
			name = Products;
			sourceTree = "<group>";
		};
		B7466ABB2EA27E1000A86599 /* Model */ = {
			isa = PBXGroup;
			children = (
				B7466ABC2EA27E2600A86599 /* Pokemon.swift */,
				B7466ABD2EA27E4700A86599 /* PokemonSpecies.swift */,
			);
			path = Model;
			sourceTree = "<group>";
		};
		B7466ABE2EA27F4000A86599 /* Services */ = {
			isa = PBXGroup;
			children = (
				B7466AC12EA27F7900A86599 /* PokemonService.swift */,
				B7466AC02EA27F6300A86599 /* NetworkError.swift */,
			);
			path = Services;
			sourceTree = "<group>";
		};
		B7466AC22EA2800500A86599 /* Utils */ = {
			isa = PBXGroup;
			children = (
				B7466AC52EA2803E00A86599 /* PokemonImageHelper.swift */,
				B7466AC42EA2802900A86599 /* NetworkConstants.swift */,
				B7466AC32EA2801100A86599 /* CollectionViewConstants.swift */,
			);
			path = Utils;
			sourceTree = "<group>";
		};
		B7466AC62EA2809E00A86599 /* Coordinator */ = {
			isa = PBXGroup;
			children = (
				B7466AC82EA280D200A86599 /* AppCoordinator.swift */,
				B7466AC72EA280B000A86599 /* PokemonCoordinator.swift */,
			);
			path = Coordinator;
			sourceTree = "<group>";
		};
/* End PBXGroup section */

/* Begin PBXNativeTarget section */
		B7466A722EA27CE000A86599 /* PokeDemo */ = {
			isa = PBXNativeTarget;
			buildConfigurationList = B7466A9C2EA27CE100A86599 /* Build configuration list for PBXNativeTarget "PokeDemo" */;
			buildPhases = (
				B7466A6F2EA27CE000A86599 /* Sources */,
				B7466A702EA27CE000A86599 /* Frameworks */,
				B7466A712EA27CE000A86599 /* Resources */,
			);
			buildRules = (
			);
			dependencies = (
			);
			fileSystemSynchronizedGroups = (
				B7466A752EA27CE000A86599 /* PokeDemo */,
			);
			name = PokeDemo;
			packageProductDependencies = (
			);
			productName = PokeDemo;
			productReference = B7466A732EA27CE000A86599 /* PokeDemo.app */;
			productType = "com.apple.product-type.application";
		};
		B7466A882EA27CE100A86599 /* PokeDemoTests */ = {
			isa = PBXNativeTarget;
			buildConfigurationList = B7466AA12EA27CE100A86599 /* Build configuration list for PBXNativeTarget "PokeDemoTests" */;
			buildPhases = (
				B7466A852EA27CE100A86599 /* Sources */,
				B7466A862EA27CE100A86599 /* Frameworks */,
				B7466A872EA27CE100A86599 /* Resources */,
			);
			buildRules = (
			);
			dependencies = (
				B7466A8B2EA27CE100A86599 /* PBXTargetDependency */,
			);
			fileSystemSynchronizedGroups = (
				B7466A8C2EA27CE100A86599 /* PokeDemoTests */,
			);
			name = PokeDemoTests;
			packageProductDependencies = (
			);
			productName = PokeDemoTests;
			productReference = B7466A892EA27CE100A86599 /* PokeDemoTests.xctest */;
			productType = "com.apple.product-type.bundle.unit-test";
		};
		B7466A922EA27CE100A86599 /* PokeDemoUITests */ = {
			isa = PBXNativeTarget;
			buildConfigurationList = B7466AA42EA27CE100A86599 /* Build configuration list for PBXNativeTarget "PokeDemoUITests" */;
			buildPhases = (
				B7466A8F2EA27CE100A86599 /* Sources */,
				B7466A902EA27CE100A86599 /* Frameworks */,
				B7466A912EA27CE100A86599 /* Resources */,
			);
			buildRules = (
			);
			dependencies = (
				B7466A952EA27CE100A86599 /* PBXTargetDependency */,
			);
			fileSystemSynchronizedGroups = (
				B7466A962EA27CE100A86599 /* PokeDemoUITests */,
			);
			name = PokeDemoUITests;
			packageProductDependencies = (
			);
			productName = PokeDemoUITests;
			productReference = B7466A932EA27CE100A86599 /* PokeDemoUITests.xctest */;
			productType = "com.apple.product-type.bundle.ui-testing";
		};
/* End PBXNativeTarget section */

/* Begin PBXProject section */
		B7466A6B2EA27CE000A86599 /* Project object */ = {
			isa = PBXProject;
			attributes = {
				BuildIndependentTargetsInParallel = 1;
				LastSwiftUpdateCheck = 1610;
				LastUpgradeCheck = 1610;
				TargetAttributes = {
					B7466A722EA27CE000A86599 = {
						CreatedOnToolsVersion = 16.1;
					};
					B7466A882EA27CE100A86599 = {
						CreatedOnToolsVersion = 16.1;
						TestTargetID = B7466A722EA27CE000A86599;
					};
					B7466A922EA27CE100A86599 = {
						CreatedOnToolsVersion = 16.1;
						TestTargetID = B7466A722EA27CE000A86599;
					};
				};
			};
			buildConfigurationList = B7466A6E2EA27CE000A86599 /* Build configuration list for PBXProject "PokeDemo" */;
			developmentRegion = en;
			hasScannedForEncodings = 0;
			knownRegions = (
				en,
				Base,
			);
			mainGroup = B7466A6A2EA27CE000A86599;
			minimizedProjectReferenceProxies = 1;
			preferredProjectObjectVersion = 77;
			productRefGroup = B7466A742EA27CE000A86599 /* Products */;
			projectDirPath = "";
			projectRoot = "";
			targets = (
				B7466A722EA27CE000A86599 /* PokeDemo */,
				B7466A882EA27CE100A86599 /* PokeDemoTests */,
				B7466A922EA27CE100A86599 /* PokeDemoUITests */,
			);
		};
/* End PBXProject section */

/* Begin PBXResourcesBuildPhase section */
		B7466A712EA27CE000A86599 /* Resources */ = {
			isa = PBXResourcesBuildPhase;
			buildActionMask = 2147483647;
			files = (
			);
			runOnlyForDeploymentPostprocessing = 0;
		};
		B7466A872EA27CE100A86599 /* Resources */ = {
			isa = PBXResourcesBuildPhase;
			buildActionMask = 2147483647;
			files = (
			);
			runOnlyForDeploymentPostprocessing = 0;
		};
		B7466A912EA27CE100A86599 /* Resources */ = {
			isa = PBXResourcesBuildPhase;
			buildActionMask = 2147483647;
			files = (
			);
			runOnlyForDeploymentPostprocessing = 0;
		};
/* End PBXResourcesBuildPhase section */

/* Begin PBXSourcesBuildPhase section */
		B7466A6F2EA27CE000A86599 /* Sources */ = {
			isa = PBXSourcesBuildPhase;
			buildActionMask = 2147483647;
			files = (
			);
			runOnlyForDeploymentPostprocessing = 0;
		};
		B7466A852EA27CE100A86599 /* Sources */ = {
			isa = PBXSourcesBuildPhase;
			buildActionMask = 2147483647;
			files = (
			);
			runOnlyForDeploymentPostprocessing = 0;
		};
		B7466A8F2EA27CE100A86599 /* Sources */ = {
			isa = PBXSourcesBuildPhase;
			buildActionMask = 2147483647;
			files = (
			);
			runOnlyForDeploymentPostprocessing = 0;
		};
/* End PBXSourcesBuildPhase section */

/* Begin PBXTargetDependency section */
		B7466A8B2EA27CE100A86599 /* PBXTargetDependency */ = {
			isa = PBXTargetDependency;
			target = B7466A722EA27CE000A86599 /* PokeDemo */;
			targetProxy = B7466A8A2EA27CE100A86599 /* PBXContainerItemProxy */;
		};
		B7466A952EA27CE100A86599 /* PBXTargetDependency */ = {
			isa = PBXTargetDependency;
			target = B7466A722EA27CE000A86599 /* PokeDemo */;
			targetProxy = B7466A942EA27CE100A86599 /* PBXContainerItemProxy */;
		};
/* End PBXTargetDependency section */

/* Begin XCBuildConfiguration section */
		B7466A9D2EA27CE100A86599 /* Debug */ = {
			isa = XCBuildConfiguration;
			buildSettings = {
				ASSETCATALOG_COMPILER_APPICON_NAME = AppIcon;
				ASSETCATALOG_COMPILER_GLOBAL_ACCENT_COLOR_NAME = AccentColor;
				CODE_SIGN_STYLE = Automatic;
				CURRENT_PROJECT_VERSION = 1;
				DEVELOPMENT_TEAM = 9727QMSJBP;
				GENERATE_INFOPLIST_FILE = YES;
				INFOPLIST_FILE = PokeDemo/Info.plist;
				INFOPLIST_KEY_UIApplicationSupportsIndirectInputEvents = YES;
				INFOPLIST_KEY_UILaunchStoryboardName = LaunchScreen;
				INFOPLIST_KEY_UIMainStoryboardFile = Main;
				INFOPLIST_KEY_UISupportedInterfaceOrientations_iPad = "UIInterfaceOrientationPortrait UIInterfaceOrientationPortraitUpsideDown UIInterfaceOrientationLandscapeLeft UIInterfaceOrientationLandscapeRight";
				INFOPLIST_KEY_UISupportedInterfaceOrientations_iPhone = "UIInterfaceOrientationPortrait UIInterfaceOrientationLandscapeLeft UIInterfaceOrientationLandscapeRight";
				LD_RUNPATH_SEARCH_PATHS = (
					"$(inherited)",
					"@executable_path/Frameworks",
				);
				MARKETING_VERSION = 1.0;
				PRODUCT_BUNDLE_IDENTIFIER = com.sanaz.test.PokeDemo;
				PRODUCT_NAME = "$(TARGET_NAME)";
				SWIFT_EMIT_LOC_STRINGS = YES;
				SWIFT_VERSION = 5.0;
				TARGETED_DEVICE_FAMILY = "1,2";
			};
			name = Debug;
		};
		B7466A9E2EA27CE100A86599 /* Release */ = {
			isa = XCBuildConfiguration;
			buildSettings = {
				ASSETCATALOG_COMPILER_APPICON_NAME = AppIcon;
				ASSETCATALOG_COMPILER_GLOBAL_ACCENT_COLOR_NAME = AccentColor;
				CODE_SIGN_STYLE = Automatic;
				CURRENT_PROJECT_VERSION = 1;
				DEVELOPMENT_TEAM = 9727QMSJBP;
				GENERATE_INFOPLIST_FILE = YES;
				INFOPLIST_FILE = PokeDemo/Info.plist;
				INFOPLIST_KEY_UIApplicationSupportsIndirectInputEvents = YES;
				INFOPLIST_KEY_UILaunchStoryboardName = LaunchScreen;
				INFOPLIST_KEY_UIMainStoryboardFile = Main;
				INFOPLIST_KEY_UISupportedInterfaceOrientations_iPad = "UIInterfaceOrientationPortrait UIInterfaceOrientationPortraitUpsideDown UIInterfaceOrientationLandscapeLeft UIInterfaceOrientationLandscapeRight";
				INFOPLIST_KEY_UISupportedInterfaceOrientations_iPhone = "UIInterfaceOrientationPortrait UIInterfaceOrientationLandscapeLeft UIInterfaceOrientationLandscapeRight";
				LD_RUNPATH_SEARCH_PATHS = (
					"$(inherited)",
					"@executable_path/Frameworks",
				);
				MARKETING_VERSION = 1.0;
				PRODUCT_BUNDLE_IDENTIFIER = com.sanaz.test.PokeDemo;
				PRODUCT_NAME = "$(TARGET_NAME)";
				SWIFT_EMIT_LOC_STRINGS = YES;
				SWIFT_VERSION = 5.0;
				TARGETED_DEVICE_FAMILY = "1,2";
			};
			name = Release;
		};
		B7466A9F2EA27CE100A86599 /* Debug */ = {
			isa = XCBuildConfiguration;
			buildSettings = {
				ALWAYS_SEARCH_USER_PATHS = NO;
				ASSETCATALOG_COMPILER_GENERATE_SWIFT_ASSET_SYMBOL_EXTENSIONS = YES;
				CLANG_ANALYZER_NONNULL = YES;
				CLANG_ANALYZER_NUMBER_OBJECT_CONVERSION = YES_AGGRESSIVE;
				CLANG_CXX_LANGUAGE_STANDARD = "gnu++20";
				CLANG_ENABLE_MODULES = YES;
				CLANG_ENABLE_OBJC_ARC = YES;
				CLANG_ENABLE_OBJC_WEAK = YES;
				CLANG_WARN_BLOCK_CAPTURE_AUTORELEASING = YES;
				CLANG_WARN_BOOL_CONVERSION = YES;
				CLANG_WARN_COMMA = YES;
				CLANG_WARN_CONSTANT_CONVERSION = YES;
				CLANG_WARN_DEPRECATED_OBJC_IMPLEMENTATIONS = YES;
				CLANG_WARN_DIRECT_OBJC_ISA_USAGE = YES_ERROR;
				CLANG_WARN_DOCUMENTATION_COMMENTS = YES;
				CLANG_WARN_EMPTY_BODY = YES;
				CLANG_WARN_ENUM_CONVERSION = YES;
				CLANG_WARN_INFINITE_RECURSION = YES;
				CLANG_WARN_INT_CONVERSION = YES;
				CLANG_WARN_NON_LITERAL_NULL_CONVERSION = YES;
				CLANG_WARN_OBJC_IMPLICIT_RETAIN_SELF = YES;
				CLANG_WARN_OBJC_LITERAL_CONVERSION = YES;
				CLANG_WARN_OBJC_ROOT_CLASS = YES_ERROR;
				CLANG_WARN_QUOTED_INCLUDE_IN_FRAMEWORK_HEADER = YES;
				CLANG_WARN_RANGE_LOOP_ANALYSIS = YES;
				CLANG_WARN_STRICT_PROTOTYPES = YES;
				CLANG_WARN_SUSPICIOUS_MOVE = YES;
				CLANG_WARN_UNGUARDED_AVAILABILITY = YES_AGGRESSIVE;
				CLANG_WARN_UNREACHABLE_CODE = YES;
				CLANG_WARN__DUPLICATE_METHOD_MATCH = YES;
				COPY_PHASE_STRIP = NO;
				DEBUG_INFORMATION_FORMAT = dwarf;
				ENABLE_STRICT_OBJC_MSGSEND = YES;
				ENABLE_TESTABILITY = YES;
				ENABLE_USER_SCRIPT_SANDBOXING = YES;
				GCC_C_LANGUAGE_STANDARD = gnu17;
				GCC_DYNAMIC_NO_PIC = NO;
				GCC_NO_COMMON_BLOCKS = YES;
				GCC_OPTIMIZATION_LEVEL = 0;
				GCC_PREPROCESSOR_DEFINITIONS = (
					"DEBUG=1",
					"$(inherited)",
				);
				GCC_WARN_64_TO_32_BIT_CONVERSION = YES;
				GCC_WARN_ABOUT_RETURN_TYPE = YES_ERROR;
				GCC_WARN_UNDECLARED_SELECTOR = YES;
				GCC_WARN_UNINITIALIZED_AUTOS = YES_AGGRESSIVE;
				GCC_WARN_UNUSED_FUNCTION = YES;
				GCC_WARN_UNUSED_VARIABLE = YES;
				IPHONEOS_DEPLOYMENT_TARGET = 18.1;
				LOCALIZATION_PREFERS_STRING_CATALOGS = YES;
				MTL_ENABLE_DEBUG_INFO = INCLUDE_SOURCE;
				MTL_FAST_MATH = YES;
				ONLY_ACTIVE_ARCH = YES;
				SDKROOT = iphoneos;
				SWIFT_ACTIVE_COMPILATION_CONDITIONS = "DEBUG $(inherited)";
				SWIFT_OPTIMIZATION_LEVEL = "-Onone";
			};
			name = Debug;
		};
		B7466AA02EA27CE100A86599 /* Release */ = {
			isa = XCBuildConfiguration;
			buildSettings = {
				ALWAYS_SEARCH_USER_PATHS = NO;
				ASSETCATALOG_COMPILER_GENERATE_SWIFT_ASSET_SYMBOL_EXTENSIONS = YES;
				CLANG_ANALYZER_NONNULL = YES;
				CLANG_ANALYZER_NUMBER_OBJECT_CONVERSION = YES_AGGRESSIVE;
				CLANG_CXX_LANGUAGE_STANDARD = "gnu++20";
				CLANG_ENABLE_MODULES = YES;
				CLANG_ENABLE_OBJC_ARC = YES;
				CLANG_ENABLE_OBJC_WEAK = YES;
				CLANG_WARN_BLOCK_CAPTURE_AUTORELEASING = YES;
				CLANG_WARN_BOOL_CONVERSION = YES;
				CLANG_WARN_COMMA = YES;
				CLANG_WARN_CONSTANT_CONVERSION = YES;
				CLANG_WARN_DEPRECATED_OBJC_IMPLEMENTATIONS = YES;
				CLANG_WARN_DIRECT_OBJC_ISA_USAGE = YES_ERROR;
				CLANG_WARN_DOCUMENTATION_COMMENTS = YES;
				CLANG_WARN_EMPTY_BODY = YES;
				CLANG_WARN_ENUM_CONVERSION = YES;
				CLANG_WARN_INFINITE_RECURSION = YES;
				CLANG_WARN_INT_CONVERSION = YES;
				CLANG_WARN_NON_LITERAL_NULL_CONVERSION = YES;
				CLANG_WARN_OBJC_IMPLICIT_RETAIN_SELF = YES;
				CLANG_WARN_OBJC_LITERAL_CONVERSION = YES;
				CLANG_WARN_OBJC_ROOT_CLASS = YES_ERROR;
				CLANG_WARN_QUOTED_INCLUDE_IN_FRAMEWORK_HEADER = YES;
				CLANG_WARN_RANGE_LOOP_ANALYSIS = YES;
				CLANG_WARN_STRICT_PROTOTYPES = YES;
				CLANG_WARN_SUSPICIOUS_MOVE = YES;
				CLANG_WARN_UNGUARDED_AVAILABILITY = YES_AGGRESSIVE;
				CLANG_WARN_UNREACHABLE_CODE = YES;
				CLANG_WARN__DUPLICATE_METHOD_MATCH = YES;
				COPY_PHASE_STRIP = NO;
				DEBUG_INFORMATION_FORMAT = "dwarf-with-dsym";
				ENABLE_NS_ASSERTIONS = NO;
				ENABLE_STRICT_OBJC_MSGSEND = YES;
				ENABLE_USER_SCRIPT_SANDBOXING = YES;
				GCC_C_LANGUAGE_STANDARD = gnu17;
				GCC_NO_COMMON_BLOCKS = YES;
				GCC_WARN_64_TO_32_BIT_CONVERSION = YES;
				GCC_WARN_ABOUT_RETURN_TYPE = YES_ERROR;
				GCC_WARN_UNDECLARED_SELECTOR = YES;
				GCC_WARN_UNINITIALIZED_AUTOS = YES_AGGRESSIVE;
				GCC_WARN_UNUSED_FUNCTION = YES;
				GCC_WARN_UNUSED_VARIABLE = YES;
				IPHONEOS_DEPLOYMENT_TARGET = 18.1;
				LOCALIZATION_PREFERS_STRING_CATALOGS = YES;
				MTL_ENABLE_DEBUG_INFO = NO;
				MTL_FAST_MATH = YES;
				SDKROOT = iphoneos;
				SWIFT_COMPILATION_MODE = wholemodule;
				VALIDATE_PRODUCT = YES;
			};
			name = Release;
		};
		B7466AA22EA27CE100A86599 /* Debug */ = {
			isa = XCBuildConfiguration;
			buildSettings = {
				BUNDLE_LOADER = "$(TEST_HOST)";
				CODE_SIGN_STYLE = Automatic;
				CURRENT_PROJECT_VERSION = 1;
				DEVELOPMENT_TEAM = 9727QMSJBP;
				GENERATE_INFOPLIST_FILE = YES;
				IPHONEOS_DEPLOYMENT_TARGET = 18.1;
				MARKETING_VERSION = 1.0;
				PRODUCT_BUNDLE_IDENTIFIER = com.sanaz.test.PokeDemoTests;
				PRODUCT_NAME = "$(TARGET_NAME)";
				SWIFT_EMIT_LOC_STRINGS = NO;
				SWIFT_VERSION = 5.0;
				TARGETED_DEVICE_FAMILY = "1,2";
				TEST_HOST = "$(BUILT_PRODUCTS_DIR)/PokeDemo.app/$(BUNDLE_EXECUTABLE_FOLDER_PATH)/PokeDemo";
			};
			name = Debug;
		};
		B7466AA32EA27CE100A86599 /* Release */ = {
			isa = XCBuildConfiguration;
			buildSettings = {
				BUNDLE_LOADER = "$(TEST_HOST)";
				CODE_SIGN_STYLE = Automatic;
				CURRENT_PROJECT_VERSION = 1;
				DEVELOPMENT_TEAM = 9727QMSJBP;
				GENERATE_INFOPLIST_FILE = YES;
				IPHONEOS_DEPLOYMENT_TARGET = 18.1;
				MARKETING_VERSION = 1.0;
				PRODUCT_BUNDLE_IDENTIFIER = com.sanaz.test.PokeDemoTests;
				PRODUCT_NAME = "$(TARGET_NAME)";
				SWIFT_EMIT_LOC_STRINGS = NO;
				SWIFT_VERSION = 5.0;
				TARGETED_DEVICE_FAMILY = "1,2";
				TEST_HOST = "$(BUILT_PRODUCTS_DIR)/PokeDemo.app/$(BUNDLE_EXECUTABLE_FOLDER_PATH)/PokeDemo";
			};
			name = Release;
		};
		B7466AA52EA27CE100A86599 /* Debug */ = {
			isa = XCBuildConfiguration;
			buildSettings = {
				CODE_SIGN_STYLE = Automatic;
				CURRENT_PROJECT_VERSION = 1;
				DEVELOPMENT_TEAM = 9727QMSJBP;
				GENERATE_INFOPLIST_FILE = YES;
				MARKETING_VERSION = 1.0;
				PRODUCT_BUNDLE_IDENTIFIER = com.sanaz.test.PokeDemoUITests;
				PRODUCT_NAME = "$(TARGET_NAME)";
				SWIFT_EMIT_LOC_STRINGS = NO;
				SWIFT_VERSION = 5.0;
				TARGETED_DEVICE_FAMILY = "1,2";
				TEST_TARGET_NAME = PokeDemo;
			};
			name = Debug;
		};
		B7466AA62EA27CE100A86599 /* Release */ = {
			isa = XCBuildConfiguration;
			buildSettings = {
				CODE_SIGN_STYLE = Automatic;
				CURRENT_PROJECT_VERSION = 1;
				DEVELOPMENT_TEAM = 9727QMSJBP;
				GENERATE_INFOPLIST_FILE = YES;
				MARKETING_VERSION = 1.0;
				PRODUCT_BUNDLE_IDENTIFIER = com.sanaz.test.PokeDemoUITests;
				PRODUCT_NAME = "$(TARGET_NAME)";
				SWIFT_EMIT_LOC_STRINGS = NO;
				SWIFT_VERSION = 5.0;
				TARGETED_DEVICE_FAMILY = "1,2";
				TEST_TARGET_NAME = PokeDemo;
			};
			name = Release;
		};
/* End XCBuildConfiguration section */

/* Begin XCConfigurationList section */
		B7466A6E2EA27CE000A86599 /* Build configuration list for PBXProject "PokeDemo" */ = {
			isa = XCConfigurationList;
			buildConfigurations = (
				B7466A9F2EA27CE100A86599 /* Debug */,
				B7466AA02EA27CE100A86599 /* Release */,
			);
			defaultConfigurationIsVisible = 0;
			defaultConfigurationName = Release;
		};
		B7466A9C2EA27CE100A86599 /* Build configuration list for PBXNativeTarget "PokeDemo" */ = {
			isa = XCConfigurationList;
			buildConfigurations = (
				B7466A9D2EA27CE100A86599 /* Debug */,
				B7466A9E2EA27CE100A86599 /* Release */,
			);
			defaultConfigurationIsVisible = 0;
			defaultConfigurationName = Release;
		};
		B7466AA12EA27CE100A86599 /* Build configuration list for PBXNativeTarget "PokeDemoTests" */ = {
			isa = XCConfigurationList;
			buildConfigurations = (
				B7466AA22EA27CE100A86599 /* Debug */,
				B7466AA32EA27CE100A86599 /* Release */,
			);
			defaultConfigurationIsVisible = 0;
			defaultConfigurationName = Release;
		};
		B7466AA42EA27CE100A86599 /* Build configuration list for PBXNativeTarget "PokeDemoUITests" */ = {
			isa = XCConfigurationList;
			buildConfigurations = (
				B7466AA52EA27CE100A86599 /* Debug */,
				B7466AA62EA27CE100A86599 /* Release */,
			);
			defaultConfigurationIsVisible = 0;
			defaultConfigurationName = Release;
		};
/* End XCConfigurationList section */
	};
	rootObject = B7466A6B2EA27CE000A86599 /* Project object */;
}
